// !$*UTF8*$!
{
	archiveVersion = 1;
	classes = {
	};
	objectVersion = 55;
	objects = {

/* Begin PBXBuildFile section */
		7FBC4FEE27B24E7B0034605A /* AppDelegate.m in Sources */ = {isa = PBXBuildFile; fileRef = 7FBC4FED27B24E7B0034605A /* AppDelegate.m */; };
		7FBC4FF127B24E7B0034605A /* SceneDelegate.m in Sources */ = {isa = PBXBuildFile; fileRef = 7FBC4FF027B24E7B0034605A /* SceneDelegate.m */; };
		7FBC4FF427B24E7B0034605A /* ViewController.m in Sources */ = {isa = PBXBuildFile; fileRef = 7FBC4FF327B24E7B0034605A /* ViewController.m */; };
		7FBC4FF727B24E7B0034605A /* Main.storyboard in Resources */ = {isa = PBXBuildFile; fileRef = 7FBC4FF527B24E7B0034605A /* Main.storyboard */; };
		7FBC4FF927B24E7D0034605A /* Assets.xcassets in Resources */ = {isa = PBXBuildFile; fileRef = 7FBC4FF827B24E7D0034605A /* Assets.xcassets */; };
		7FBC4FFC27B24E7D0034605A /* LaunchScreen.storyboard in Resources */ = {isa = PBXBuildFile; fileRef = 7FBC4FFA27B24E7D0034605A /* LaunchScreen.storyboard */; };
		7FBC4FFF27B24E7D0034605A /* main.m in Sources */ = {isa = PBXBuildFile; fileRef = 7FBC4FFE27B24E7D0034605A /* main.m */; };
		7FBC500927B24E7E0034605A /* RuntimeTestTests.m in Sources */ = {isa = PBXBuildFile; fileRef = 7FBC500827B24E7E0034605A /* RuntimeTestTests.m */; };
		7FBC501327B24E7F0034605A /* RuntimeTestUITests.m in Sources */ = {isa = PBXBuildFile; fileRef = 7FBC501227B24E7F0034605A /* RuntimeTestUITests.m */; };
		7FBC501527B24E7F0034605A /* RuntimeTestUITestsLaunchTests.m in Sources */ = {isa = PBXBuildFile; fileRef = 7FBC501427B24E7F0034605A /* RuntimeTestUITestsLaunchTests.m */; };
		7FBC502327B24F320034605A /* RuntimeTest.m in Sources */ = {isa = PBXBuildFile; fileRef = 7FBC502227B24F320034605A /* RuntimeTest.m */; };
/* End PBXBuildFile section */

/* Begin PBXContainerItemProxy section */
		7FBC500527B24E7E0034605A /* PBXContainerItemProxy */ = {
			isa = PBXContainerItemProxy;
			containerPortal = 7FBC4FE127B24E7B0034605A /* Project object */;
			proxyType = 1;
			remoteGlobalIDString = 7FBC4FE827B24E7B0034605A;
			remoteInfo = RuntimeTest;
		};
		7FBC500F27B24E7E0034605A /* PBXContainerItemProxy */ = {
			isa = PBXContainerItemProxy;
			containerPortal = 7FBC4FE127B24E7B0034605A /* Project object */;
			proxyType = 1;
			remoteGlobalIDString = 7FBC4FE827B24E7B0034605A;
			remoteInfo = RuntimeTest;
		};
/* End PBXContainerItemProxy section */

/* Begin PBXFileReference section */
		7FBC4FE927B24E7B0034605A /* RuntimeTest.app */ = {isa = PBXFileReference; explicitFileType = wrapper.application; includeInIndex = 0; path = RuntimeTest.app; sourceTree = BUILT_PRODUCTS_DIR; };
		7FBC4FEC27B24E7B0034605A /* AppDelegate.h */ = {isa = PBXFileReference; lastKnownFileType = sourcecode.c.h; path = AppDelegate.h; sourceTree = "<group>"; };
		7FBC4FED27B24E7B0034605A /* AppDelegate.m */ = {isa = PBXFileReference; lastKnownFileType = sourcecode.c.objc; path = AppDelegate.m; sourceTree = "<group>"; };
		7FBC4FEF27B24E7B0034605A /* SceneDelegate.h */ = {isa = PBXFileReference; lastKnownFileType = sourcecode.c.h; path = SceneDelegate.h; sourceTree = "<group>"; };
		7FBC4FF027B24E7B0034605A /* SceneDelegate.m */ = {isa = PBXFileReference; lastKnownFileType = sourcecode.c.objc; path = SceneDelegate.m; sourceTree = "<group>"; };
		7FBC4FF227B24E7B0034605A /* ViewController.h */ = {isa = PBXFileReference; lastKnownFileType = sourcecode.c.h; path = ViewController.h; sourceTree = "<group>"; };
		7FBC4FF327B24E7B0034605A /* ViewController.m */ = {isa = PBXFileReference; lastKnownFileType = sourcecode.c.objc; path = ViewController.m; sourceTree = "<group>"; };
		7FBC4FF627B24E7B0034605A /* Base */ = {isa = PBXFileReference; lastKnownFileType = file.storyboard; name = Base; path = Base.lproj/Main.storyboard; sourceTree = "<group>"; };
		7FBC4FF827B24E7D0034605A /* Assets.xcassets */ = {isa = PBXFileReference; lastKnownFileType = folder.assetcatalog; path = Assets.xcassets; sourceTree = "<group>"; };
		7FBC4FFB27B24E7D0034605A /* Base */ = {isa = PBXFileReference; lastKnownFileType = file.storyboard; name = Base; path = Base.lproj/LaunchScreen.storyboard; sourceTree = "<group>"; };
		7FBC4FFD27B24E7D0034605A /* Info.plist */ = {isa = PBXFileReference; lastKnownFileType = text.plist.xml; path = Info.plist; sourceTree = "<group>"; };
		7FBC4FFE27B24E7D0034605A /* main.m */ = {isa = PBXFileReference; lastKnownFileType = sourcecode.c.objc; path = main.m; sourceTree = "<group>"; };
		7FBC500427B24E7E0034605A /* RuntimeTestTests.xctest */ = {isa = PBXFileReference; explicitFileType = wrapper.cfbundle; includeInIndex = 0; path = RuntimeTestTests.xctest; sourceTree = BUILT_PRODUCTS_DIR; };
		7FBC500827B24E7E0034605A /* RuntimeTestTests.m */ = {isa = PBXFileReference; lastKnownFileType = sourcecode.c.objc; path = RuntimeTestTests.m; sourceTree = "<group>"; };
		7FBC500E27B24E7E0034605A /* RuntimeTestUITests.xctest */ = {isa = PBXFileReference; explicitFileType = wrapper.cfbundle; includeInIndex = 0; path = RuntimeTestUITests.xctest; sourceTree = BUILT_PRODUCTS_DIR; };
		7FBC501227B24E7F0034605A /* RuntimeTestUITests.m */ = {isa = PBXFileReference; lastKnownFileType = sourcecode.c.objc; path = RuntimeTestUITests.m; sourceTree = "<group>"; };
		7FBC501427B24E7F0034605A /* RuntimeTestUITestsLaunchTests.m */ = {isa = PBXFileReference; lastKnownFileType = sourcecode.c.objc; path = RuntimeTestUITestsLaunchTests.m; sourceTree = "<group>"; };
		7FBC502127B24F320034605A /* RuntimeTest.h */ = {isa = PBXFileReference; lastKnownFileType = sourcecode.c.h; path = RuntimeTest.h; sourceTree = "<group>"; };
		7FBC502227B24F320034605A /* RuntimeTest.m */ = {isa = PBXFileReference; lastKnownFileType = sourcecode.c.objc; path = RuntimeTest.m; sourceTree = "<group>"; };
/* End PBXFileReference section */

/* Begin PBXFrameworksBuildPhase section */
		7FBC4FE627B24E7B0034605A /* Frameworks */ = {
			isa = PBXFrameworksBuildPhase;
			buildActionMask = 2147483647;
			files = (
			);
			runOnlyForDeploymentPostprocessing = 0;
		};
		7FBC500127B24E7E0034605A /* Frameworks */ = {
			isa = PBXFrameworksBuildPhase;
			buildActionMask = 2147483647;
			files = (
			);
			runOnlyForDeploymentPostprocessing = 0;
		};
		7FBC500B27B24E7E0034605A /* Frameworks */ = {
			isa = PBXFrameworksBuildPhase;
			buildActionMask = 2147483647;
			files = (
			);
			runOnlyForDeploymentPostprocessing = 0;
		};
/* End PBXFrameworksBuildPhase section */

/* Begin PBXGroup section */
		7FBC4FE027B24E7B0034605A = {
			isa = PBXGroup;
			children = (
				7FBC4FEB27B24E7B0034605A /* RuntimeTest */,
				7FBC500727B24E7E0034605A /* RuntimeTestTests */,
				7FBC501127B24E7E0034605A /* RuntimeTestUITests */,
				7FBC4FEA27B24E7B0034605A /* Products */,
			);
			sourceTree = "<group>";
		};
		7FBC4FEA27B24E7B0034605A /* Products */ = {
			isa = PBXGroup;
			children = (
				7FBC4FE927B24E7B0034605A /* RuntimeTest.app */,
				7FBC500427B24E7E0034605A /* RuntimeTestTests.xctest */,
				7FBC500E27B24E7E0034605A /* RuntimeTestUITests.xctest */,
			);
			name = Products;
			sourceTree = "<group>";
		};
		7FBC4FEB27B24E7B0034605A /* RuntimeTest */ = {
			isa = PBXGroup;
			children = (
				7FBC4FEC27B24E7B0034605A /* AppDelegate.h */,
				7FBC4FED27B24E7B0034605A /* AppDelegate.m */,
				7FBC4FEF27B24E7B0034605A /* SceneDelegate.h */,
				7FBC4FF027B24E7B0034605A /* SceneDelegate.m */,
				7FBC4FF227B24E7B0034605A /* ViewController.h */,
				7FBC4FF327B24E7B0034605A /* ViewController.m */,
				7FBC4FF527B24E7B0034605A /* Main.storyboard */,
				7FBC4FF827B24E7D0034605A /* Assets.xcassets */,
				7FBC4FFA27B24E7D0034605A /* LaunchScreen.storyboard */,
				7FBC4FFD27B24E7D0034605A /* Info.plist */,
				7FBC4FFE27B24E7D0034605A /* main.m */,
				7FBC502127B24F320034605A /* RuntimeTest.h */,
				7FBC502227B24F320034605A /* RuntimeTest.m */,
			);
			path = RuntimeTest;
			sourceTree = "<group>";
		};
		7FBC500727B24E7E0034605A /* RuntimeTestTests */ = {
			isa = PBXGroup;
			children = (
				7FBC500827B24E7E0034605A /* RuntimeTestTests.m */,
			);
			path = RuntimeTestTests;
			sourceTree = "<group>";
		};
		7FBC501127B24E7E0034605A /* RuntimeTestUITests */ = {
			isa = PBXGroup;
			children = (
				7FBC501227B24E7F0034605A /* RuntimeTestUITests.m */,
				7FBC501427B24E7F0034605A /* RuntimeTestUITestsLaunchTests.m */,
			);
			path = RuntimeTestUITests;
			sourceTree = "<group>";
		};
/* End PBXGroup section */

/* Begin PBXNativeTarget section */
		7FBC4FE827B24E7B0034605A /* RuntimeTest */ = {
			isa = PBXNativeTarget;
			buildConfigurationList = 7FBC501827B24E7F0034605A /* Build configuration list for PBXNativeTarget "RuntimeTest" */;
			buildPhases = (
				7FBC4FE527B24E7B0034605A /* Sources */,
				7FBC4FE627B24E7B0034605A /* Frameworks */,
				7FBC4FE727B24E7B0034605A /* Resources */,
			);
			buildRules = (
			);
			dependencies = (
			);
			name = RuntimeTest;
			productName = RuntimeTest;
			productReference = 7FBC4FE927B24E7B0034605A /* RuntimeTest.app */;
			productType = "com.apple.product-type.application";
		};
		7FBC500327B24E7E0034605A /* RuntimeTestTests */ = {
			isa = PBXNativeTarget;
			buildConfigurationList = 7FBC501B27B24E7F0034605A /* Build configuration list for PBXNativeTarget "RuntimeTestTests" */;
			buildPhases = (
				7FBC500027B24E7E0034605A /* Sources */,
				7FBC500127B24E7E0034605A /* Frameworks */,
				7FBC500227B24E7E0034605A /* Resources */,
			);
			buildRules = (
			);
			dependencies = (
				7FBC500627B24E7E0034605A /* PBXTargetDependency */,
			);
			name = RuntimeTestTests;
			productName = RuntimeTestTests;
			productReference = 7FBC500427B24E7E0034605A /* RuntimeTestTests.xctest */;
			productType = "com.apple.product-type.bundle.unit-test";
		};
		7FBC500D27B24E7E0034605A /* RuntimeTestUITests */ = {
			isa = PBXNativeTarget;
			buildConfigurationList = 7FBC501E27B24E7F0034605A /* Build configuration list for PBXNativeTarget "RuntimeTestUITests" */;
			buildPhases = (
				7FBC500A27B24E7E0034605A /* Sources */,
				7FBC500B27B24E7E0034605A /* Frameworks */,
				7FBC500C27B24E7E0034605A /* Resources */,
			);
			buildRules = (
			);
			dependencies = (
				7FBC501027B24E7E0034605A /* PBXTargetDependency */,
			);
			name = RuntimeTestUITests;
			productName = RuntimeTestUITests;
			productReference = 7FBC500E27B24E7E0034605A /* RuntimeTestUITests.xctest */;
			productType = "com.apple.product-type.bundle.ui-testing";
		};
/* End PBXNativeTarget section */

/* Begin PBXProject section */
		7FBC4FE127B24E7B0034605A /* Project object */ = {
			isa = PBXProject;
			attributes = {
				BuildIndependentTargetsInParallel = 1;
				LastUpgradeCheck = 1320;
				TargetAttributes = {
					7FBC4FE827B24E7B0034605A = {
						CreatedOnToolsVersion = 13.2;
					};
					7FBC500327B24E7E0034605A = {
						CreatedOnToolsVersion = 13.2;
						TestTargetID = 7FBC4FE827B24E7B0034605A;
					};
					7FBC500D27B24E7E0034605A = {
						CreatedOnToolsVersion = 13.2;
						TestTargetID = 7FBC4FE827B24E7B0034605A;
					};
				};
			};
			buildConfigurationList = 7FBC4FE427B24E7B0034605A /* Build configuration list for PBXProject "RuntimeTest" */;
			compatibilityVersion = "Xcode 13.0";
			developmentRegion = en;
			hasScannedForEncodings = 0;
			knownRegions = (
				en,
				Base,
			);
			mainGroup = 7FBC4FE027B24E7B0034605A;
			productRefGroup = 7FBC4FEA27B24E7B0034605A /* Products */;
			projectDirPath = "";
			projectRoot = "";
			targets = (
				7FBC4FE827B24E7B0034605A /* RuntimeTest */,
				7FBC500327B24E7E0034605A /* RuntimeTestTests */,
				7FBC500D27B24E7E0034605A /* RuntimeTestUITests */,
			);
		};
/* End PBXProject section */

/* Begin PBXResourcesBuildPhase section */
		7FBC4FE727B24E7B0034605A /* Resources */ = {
			isa = PBXResourcesBuildPhase;
			buildActionMask = 2147483647;
			files = (
				7FBC4FFC27B24E7D0034605A /* LaunchScreen.storyboard in Resources */,
				7FBC4FF927B24E7D0034605A /* Assets.xcassets in Resources */,
				7FBC4FF727B24E7B0034605A /* Main.storyboard in Resources */,
			);
			runOnlyForDeploymentPostprocessing = 0;
		};
		7FBC500227B24E7E0034605A /* Resources */ = {
			isa = PBXResourcesBuildPhase;
			buildActionMask = 2147483647;
			files = (
			);
			runOnlyForDeploymentPostprocessing = 0;
		};
		7FBC500C27B24E7E0034605A /* Resources */ = {
			isa = PBXResourcesBuildPhase;
			buildActionMask = 2147483647;
			files = (
			);
			runOnlyForDeploymentPostprocessing = 0;
		};
/* End PBXResourcesBuildPhase section */

/* Begin PBXSourcesBuildPhase section */
		7FBC4FE527B24E7B0034605A /* Sources */ = {
			isa = PBXSourcesBuildPhase;
			buildActionMask = 2147483647;
			files = (
				7FBC4FF427B24E7B0034605A /* ViewController.m in Sources */,
				7FBC502327B24F320034605A /* RuntimeTest.m in Sources */,
				7FBC4FEE27B24E7B0034605A /* AppDelegate.m in Sources */,
				7FBC4FFF27B24E7D0034605A /* main.m in Sources */,
				7FBC4FF127B24E7B0034605A /* SceneDelegate.m in Sources */,
			);
			runOnlyForDeploymentPostprocessing = 0;
		};
		7FBC500027B24E7E0034605A /* Sources */ = {
			isa = PBXSourcesBuildPhase;
			buildActionMask = 2147483647;
			files = (
				7FBC500927B24E7E0034605A /* RuntimeTestTests.m in Sources */,
			);
			runOnlyForDeploymentPostprocessing = 0;
		};
		7FBC500A27B24E7E0034605A /* Sources */ = {
			isa = PBXSourcesBuildPhase;
			buildActionMask = 2147483647;
			files = (
				7FBC501327B24E7F0034605A /* RuntimeTestUITests.m in Sources */,
				7FBC501527B24E7F0034605A /* RuntimeTestUITestsLaunchTests.m in Sources */,
			);
			runOnlyForDeploymentPostprocessing = 0;
		};
/* End PBXSourcesBuildPhase section */

/* Begin PBXTargetDependency section */
		7FBC500627B24E7E0034605A /* PBXTargetDependency */ = {
			isa = PBXTargetDependency;
			target = 7FBC4FE827B24E7B0034605A /* RuntimeTest */;
			targetProxy = 7FBC500527B24E7E0034605A /* PBXContainerItemProxy */;
		};
		7FBC501027B24E7E0034605A /* PBXTargetDependency */ = {
			isa = PBXTargetDependency;
			target = 7FBC4FE827B24E7B0034605A /* RuntimeTest */;
			targetProxy = 7FBC500F27B24E7E0034605A /* PBXContainerItemProxy */;
		};
/* End PBXTargetDependency section */

/* Begin PBXVariantGroup section */
		7FBC4FF527B24E7B0034605A /* Main.storyboard */ = {
			isa = PBXVariantGroup;
			children = (
				7FBC4FF627B24E7B0034605A /* Base */,
			);
			name = Main.storyboard;
			sourceTree = "<group>";
		};
		7FBC4FFA27B24E7D0034605A /* LaunchScreen.storyboard */ = {
			isa = PBXVariantGroup;
			children = (
				7FBC4FFB27B24E7D0034605A /* Base */,
			);
			name = LaunchScreen.storyboard;
			sourceTree = "<group>";
		};
/* End PBXVariantGroup section */

/* Begin XCBuildConfiguration section */
		7FBC501627B24E7F0034605A /* Debug */ = {
			isa = XCBuildConfiguration;
			buildSettings = {
				ALWAYS_SEARCH_USER_PATHS = NO;
				CLANG_ANALYZER_NONNULL = YES;
				CLANG_ANALYZER_NUMBER_OBJECT_CONVERSION = YES_AGGRESSIVE;
				CLANG_CXX_LANGUAGE_STANDARD = "gnu++17";
				CLANG_CXX_LIBRARY = "libc++";
				CLANG_ENABLE_MODULES = YES;
				CLANG_ENABLE_OBJC_ARC = YES;
				CLANG_ENABLE_OBJC_WEAK = YES;
				CLANG_WARN_BLOCK_CAPTURE_AUTORELEASING = YES;
				CLANG_WARN_BOOL_CONVERSION = YES;
				CLANG_WARN_COMMA = YES;
				CLANG_WARN_CONSTANT_CONVERSION = YES;
				CLANG_WARN_DEPRECATED_OBJC_IMPLEMENTATIONS = YES;
				CLANG_WARN_DIRECT_OBJC_ISA_USAGE = YES_ERROR;
				CLANG_WARN_DOCUMENTATION_COMMENTS = YES;
				CLANG_WARN_EMPTY_BODY = YES;
				CLANG_WARN_ENUM_CONVERSION = YES;
				CLANG_WARN_INFINITE_RECURSION = YES;
				CLANG_WARN_INT_CONVERSION = YES;
				CLANG_WARN_NON_LITERAL_NULL_CONVERSION = YES;
				CLANG_WARN_OBJC_IMPLICIT_RETAIN_SELF = YES;
				CLANG_WARN_OBJC_LITERAL_CONVERSION = YES;
				CLANG_WARN_OBJC_ROOT_CLASS = YES_ERROR;
				CLANG_WARN_QUOTED_INCLUDE_IN_FRAMEWORK_HEADER = YES;
				CLANG_WARN_RANGE_LOOP_ANALYSIS = YES;
				CLANG_WARN_STRICT_PROTOTYPES = YES;
				CLANG_WARN_SUSPICIOUS_MOVE = YES;
				CLANG_WARN_UNGUARDED_AVAILABILITY = YES_AGGRESSIVE;
				CLANG_WARN_UNREACHABLE_CODE = YES;
				CLANG_WARN__DUPLICATE_METHOD_MATCH = YES;
				COPY_PHASE_STRIP = NO;
				DEBUG_INFORMATION_FORMAT = dwarf;
				ENABLE_STRICT_OBJC_MSGSEND = YES;
				ENABLE_TESTABILITY = YES;
				GCC_C_LANGUAGE_STANDARD = gnu11;
				GCC_DYNAMIC_NO_PIC = NO;
				GCC_NO_COMMON_BLOCKS = YES;
				GCC_OPTIMIZATION_LEVEL = 0;
				GCC_PREPROCESSOR_DEFINITIONS = (
					"DEBUG=1",
					"$(inherited)",
				);
				GCC_WARN_64_TO_32_BIT_CONVERSION = YES;
				GCC_WARN_ABOUT_RETURN_TYPE = YES_ERROR;
				GCC_WARN_UNDECLARED_SELECTOR = YES;
				GCC_WARN_UNINITIALIZED_AUTOS = YES_AGGRESSIVE;
				GCC_WARN_UNUSED_FUNCTION = YES;
				GCC_WARN_UNUSED_VARIABLE = YES;
				IPHONEOS_DEPLOYMENT_TARGET = 15.2;
				MTL_ENABLE_DEBUG_INFO = INCLUDE_SOURCE;
				MTL_FAST_MATH = YES;
				ONLY_ACTIVE_ARCH = YES;
				SDKROOT = iphoneos;
			};
			name = Debug;
		};
		7FBC501727B24E7F0034605A /* Release */ = {
			isa = XCBuildConfiguration;
			buildSettings = {
				ALWAYS_SEARCH_USER_PATHS = NO;
				CLANG_ANALYZER_NONNULL = YES;
				CLANG_ANALYZER_NUMBER_OBJECT_CONVERSION = YES_AGGRESSIVE;
				CLANG_CXX_LANGUAGE_STANDARD = "gnu++17";
				CLANG_CXX_LIBRARY = "libc++";
				CLANG_ENABLE_MODULES = YES;
				CLANG_ENABLE_OBJC_ARC = YES;
				CLANG_ENABLE_OBJC_WEAK = YES;
				CLANG_WARN_BLOCK_CAPTURE_AUTORELEASING = YES;
				CLANG_WARN_BOOL_CONVERSION = YES;
				CLANG_WARN_COMMA = YES;
				CLANG_WARN_CONSTANT_CONVERSION = YES;
				CLANG_WARN_DEPRECATED_OBJC_IMPLEMENTATIONS = YES;
				CLANG_WARN_DIRECT_OBJC_ISA_USAGE = YES_ERROR;
				CLANG_WARN_DOCUMENTATION_COMMENTS = YES;
				CLANG_WARN_EMPTY_BODY = YES;
				CLANG_WARN_ENUM_CONVERSION = YES;
				CLANG_WARN_INFINITE_RECURSION = YES;
				CLANG_WARN_INT_CONVERSION = YES;
				CLANG_WARN_NON_LITERAL_NULL_CONVERSION = YES;
				CLANG_WARN_OBJC_IMPLICIT_RETAIN_SELF = YES;
				CLANG_WARN_OBJC_LITERAL_CONVERSION = YES;
				CLANG_WARN_OBJC_ROOT_CLASS = YES_ERROR;
				CLANG_WARN_QUOTED_INCLUDE_IN_FRAMEWORK_HEADER = YES;
				CLANG_WARN_RANGE_LOOP_ANALYSIS = YES;
				CLANG_WARN_STRICT_PROTOTYPES = YES;
				CLANG_WARN_SUSPICIOUS_MOVE = YES;
				CLANG_WARN_UNGUARDED_AVAILABILITY = YES_AGGRESSIVE;
				CLANG_WARN_UNREACHABLE_CODE = YES;
				CLANG_WARN__DUPLICATE_METHOD_MATCH = YES;
				COPY_PHASE_STRIP = NO;
				DEBUG_INFORMATION_FORMAT = "dwarf-with-dsym";
				ENABLE_NS_ASSERTIONS = NO;
				ENABLE_STRICT_OBJC_MSGSEND = YES;
				GCC_C_LANGUAGE_STANDARD = gnu11;
				GCC_NO_COMMON_BLOCKS = YES;
				GCC_WARN_64_TO_32_BIT_CONVERSION = YES;
				GCC_WARN_ABOUT_RETURN_TYPE = YES_ERROR;
				GCC_WARN_UNDECLARED_SELECTOR = YES;
				GCC_WARN_UNINITIALIZED_AUTOS = YES_AGGRESSIVE;
				GCC_WARN_UNUSED_FUNCTION = YES;
				GCC_WARN_UNUSED_VARIABLE = YES;
				IPHONEOS_DEPLOYMENT_TARGET = 15.2;
				MTL_ENABLE_DEBUG_INFO = NO;
				MTL_FAST_MATH = YES;
				SDKROOT = iphoneos;
				VALIDATE_PRODUCT = YES;
			};
			name = Release;
		};
		7FBC501927B24E7F0034605A /* Debug */ = {
			isa = XCBuildConfiguration;
			buildSettings = {
				ASSETCATALOG_COMPILER_APPICON_NAME = AppIcon;
				ASSETCATALOG_COMPILER_GLOBAL_ACCENT_COLOR_NAME = AccentColor;
				CLANG_ENABLE_OBJC_ARC = YES;
				CODE_SIGN_STYLE = Automatic;
				CURRENT_PROJECT_VERSION = 1;
				GCC_C_LANGUAGE_STANDARD = gnu11;
				GENERATE_INFOPLIST_FILE = YES;
				INFOPLIST_FILE = RuntimeTest/Info.plist;
				INFOPLIST_KEY_UIApplicationSupportsIndirectInputEvents = YES;
				INFOPLIST_KEY_UILaunchStoryboardName = LaunchScreen;
				INFOPLIST_KEY_UIMainStoryboardFile = Main;
				INFOPLIST_KEY_UISupportedInterfaceOrientations_iPad = "UIInterfaceOrientationPortrait UIInterfaceOrientationPortraitUpsideDown UIInterfaceOrientationLandscapeLeft UIInterfaceOrientationLandscapeRight";
				INFOPLIST_KEY_UISupportedInterfaceOrientations_iPhone = "UIInterfaceOrientationPortrait UIInterfaceOrientationLandscapeLeft UIInterfaceOrientationLandscapeRight";
				IPHONEOS_DEPLOYMENT_TARGET = 11.0;
				LD_RUNPATH_SEARCH_PATHS = (
					"$(inherited)",
					"@executable_path/Frameworks",
				);
				MARKETING_VERSION = 1.0;
				PRODUCT_BUNDLE_IDENTIFIER = tencent.RuntimeTest;
				PRODUCT_NAME = "$(TARGET_NAME)";
				SWIFT_EMIT_LOC_STRINGS = YES;
				TARGETED_DEVICE_FAMILY = "1,2";
			};
			name = Debug;
		};
		7FBC501A27B24E7F0034605A /* Release */ = {
			isa = XCBuildConfiguration;
			buildSettings = {
				ASSETCATALOG_COMPILER_APPICON_NAME = AppIcon;
				ASSETCATALOG_COMPILER_GLOBAL_ACCENT_COLOR_NAME = AccentColor;
				CLANG_ENABLE_OBJC_ARC = YES;
				CODE_SIGN_STYLE = Automatic;
				CURRENT_PROJECT_VERSION = 1;
				GCC_C_LANGUAGE_STANDARD = gnu11;
				GENERATE_INFOPLIST_FILE = YES;
				INFOPLIST_FILE = RuntimeTest/Info.plist;
				INFOPLIST_KEY_UIApplicationSupportsIndirectInputEvents = YES;
				INFOPLIST_KEY_UILaunchStoryboardName = LaunchScreen;
				INFOPLIST_KEY_UIMainStoryboardFile = Main;
				INFOPLIST_KEY_UISupportedInterfaceOrientations_iPad = "UIInterfaceOrientationPortrait UIInterfaceOrientationPortraitUpsideDown UIInterfaceOrientationLandscapeLeft UIInterfaceOrientationLandscapeRight";
				INFOPLIST_KEY_UISupportedInterfaceOrientations_iPhone = "UIInterfaceOrientationPortrait UIInterfaceOrientationLandscapeLeft UIInterfaceOrientationLandscapeRight";
				IPHONEOS_DEPLOYMENT_TARGET = 11.0;
				LD_RUNPATH_SEARCH_PATHS = (
					"$(inherited)",
					"@executable_path/Frameworks",
				);
				MARKETING_VERSION = 1.0;
				PRODUCT_BUNDLE_IDENTIFIER = tencent.RuntimeTest;
				PRODUCT_NAME = "$(TARGET_NAME)";
				SWIFT_EMIT_LOC_STRINGS = YES;
				TARGETED_DEVICE_FAMILY = "1,2";
			};
			name = Release;
		};
		7FBC501C27B24E7F0034605A /* Debug */ = {
			isa = XCBuildConfiguration;
			buildSettings = {
				BUNDLE_LOADER = "$(TEST_HOST)";
				CODE_SIGN_STYLE = Automatic;
				CURRENT_PROJECT_VERSION = 1;
				GENERATE_INFOPLIST_FILE = YES;
				IPHONEOS_DEPLOYMENT_TARGET = 15.2;
				MARKETING_VERSION = 1.0;
				PRODUCT_BUNDLE_IDENTIFIER = tencent.RuntimeTestTests;
				PRODUCT_NAME = "$(TARGET_NAME)";
				SWIFT_EMIT_LOC_STRINGS = NO;
				TARGETED_DEVICE_FAMILY = "1,2";
				TEST_HOST = "$(BUILT_PRODUCTS_DIR)/RuntimeTest.app/RuntimeTest";
			};
			name = Debug;
		};
		7FBC501D27B24E7F0034605A /* Release */ = {
			isa = XCBuildConfiguration;
			buildSettings = {
				BUNDLE_LOADER = "$(TEST_HOST)";
				CODE_SIGN_STYLE = Automatic;
				CURRENT_PROJECT_VERSION = 1;
				GENERATE_INFOPLIST_FILE = YES;
				IPHONEOS_DEPLOYMENT_TARGET = 15.2;
				MARKETING_VERSION = 1.0;
				PRODUCT_BUNDLE_IDENTIFIER = tencent.RuntimeTestTests;
				PRODUCT_NAME = "$(TARGET_NAME)";
				SWIFT_EMIT_LOC_STRINGS = NO;
				TARGETED_DEVICE_FAMILY = "1,2";
				TEST_HOST = "$(BUILT_PRODUCTS_DIR)/RuntimeTest.app/RuntimeTest";
			};
			name = Release;
		};
		7FBC501F27B24E7F0034605A /* Debug */ = {
			isa = XCBuildConfiguration;
			buildSettings = {
				CODE_SIGN_STYLE = Automatic;
				CURRENT_PROJECT_VERSION = 1;
				GENERATE_INFOPLIST_FILE = YES;
				MARKETING_VERSION = 1.0;
				PRODUCT_BUNDLE_IDENTIFIER = tencent.RuntimeTestUITests;
				PRODUCT_NAME = "$(TARGET_NAME)";
				SWIFT_EMIT_LOC_STRINGS = NO;
				TARGETED_DEVICE_FAMILY = "1,2";
				TEST_TARGET_NAME = RuntimeTest;
			};
			name = Debug;
		};
		7FBC502027B24E7F0034605A /* Release */ = {
			isa = XCBuildConfiguration;
			buildSettings = {
				CODE_SIGN_STYLE = Automatic;
				CURRENT_PROJECT_VERSION = 1;
				GENERATE_INFOPLIST_FILE = YES;
				MARKETING_VERSION = 1.0;
				PRODUCT_BUNDLE_IDENTIFIER = tencent.RuntimeTestUITests;
				PRODUCT_NAME = "$(TARGET_NAME)";
				SWIFT_EMIT_LOC_STRINGS = NO;
				TARGETED_DEVICE_FAMILY = "1,2";
				TEST_TARGET_NAME = RuntimeTest;
			};
			name = Release;
		};
/* End XCBuildConfiguration section */

/* Begin XCConfigurationList section */
		7FBC4FE427B24E7B0034605A /* Build configuration list for PBXProject "RuntimeTest" */ = {
			isa = XCConfigurationList;
			buildConfigurations = (
				7FBC501627B24E7F0034605A /* Debug */,
				7FBC501727B24E7F0034605A /* Release */,
			);
			defaultConfigurationIsVisible = 0;
			defaultConfigurationName = Release;
		};
		7FBC501827B24E7F0034605A /* Build configuration list for PBXNativeTarget "RuntimeTest" */ = {
			isa = XCConfigurationList;
			buildConfigurations = (
				7FBC501927B24E7F0034605A /* Debug */,
				7FBC501A27B24E7F0034605A /* Release */,
			);
			defaultConfigurationIsVisible = 0;
			defaultConfigurationName = Release;
		};
		7FBC501B27B24E7F0034605A /* Build configuration list for PBXNativeTarget "RuntimeTestTests" */ = {
			isa = XCConfigurationList;
			buildConfigurations = (
				7FBC501C27B24E7F0034605A /* Debug */,
				7FBC501D27B24E7F0034605A /* Release */,
			);
			defaultConfigurationIsVisible = 0;
			defaultConfigurationName = Release;
		};
		7FBC501E27B24E7F0034605A /* Build configuration list for PBXNativeTarget "RuntimeTestUITests" */ = {
			isa = XCConfigurationList;
			buildConfigurations = (
				7FBC501F27B24E7F0034605A /* Debug */,
				7FBC502027B24E7F0034605A /* Release */,
			);
			defaultConfigurationIsVisible = 0;
			defaultConfigurationName = Release;
		};
/* End XCConfigurationList section */
	};
	rootObject = 7FBC4FE127B24E7B0034605A /* Project object */;
}
